// !$*UTF8*$!
{
	archiveVersion = 1;
	classes = {
	};
	objectVersion = 56;
	objects = {

/* Begin PBXBuildFile section */
		5753C3752A7AAF4C00CE0856 /* Push_Up_PlusApp.swift in Sources */ = {isa = PBXBuildFile; fileRef = 5753C3742A7AAF4C00CE0856 /* Push_Up_PlusApp.swift */; };
		5753C3772A7AAF4C00CE0856 /* ContentView.swift in Sources */ = {isa = PBXBuildFile; fileRef = 5753C3762A7AAF4C00CE0856 /* ContentView.swift */; };
		5753C3792A7AAF4D00CE0856 /* Assets.xcassets in Resources */ = {isa = PBXBuildFile; fileRef = 5753C3782A7AAF4D00CE0856 /* Assets.xcassets */; };
		5753C37C2A7AAF4D00CE0856 /* Preview Assets.xcassets in Resources */ = {isa = PBXBuildFile; fileRef = 5753C37B2A7AAF4D00CE0856 /* Preview Assets.xcassets */; };
		5753C3862A7AAF4D00CE0856 /* Push_Up_PlusTests.swift in Sources */ = {isa = PBXBuildFile; fileRef = 5753C3852A7AAF4D00CE0856 /* Push_Up_PlusTests.swift */; };
		5753C3902A7AAF4D00CE0856 /* Push_Up_PlusUITests.swift in Sources */ = {isa = PBXBuildFile; fileRef = 5753C38F2A7AAF4D00CE0856 /* Push_Up_PlusUITests.swift */; };
		5753C3922A7AAF4D00CE0856 /* Push_Up_PlusUITestsLaunchTests.swift in Sources */ = {isa = PBXBuildFile; fileRef = 5753C3912A7AAF4D00CE0856 /* Push_Up_PlusUITestsLaunchTests.swift */; };
/* End PBXBuildFile section */

/* Begin PBXContainerItemProxy section */
		5753C3822A7AAF4D00CE0856 /* PBXContainerItemProxy */ = {
			isa = PBXContainerItemProxy;
			containerPortal = 5753C3692A7AAF4C00CE0856 /* Project object */;
			proxyType = 1;
			remoteGlobalIDString = 5753C3702A7AAF4C00CE0856;
			remoteInfo = "Push Up Plus";
		};
		5753C38C2A7AAF4D00CE0856 /* PBXContainerItemProxy */ = {
			isa = PBXContainerItemProxy;
			containerPortal = 5753C3692A7AAF4C00CE0856 /* Project object */;
			proxyType = 1;
			remoteGlobalIDString = 5753C3702A7AAF4C00CE0856;
			remoteInfo = "Push Up Plus";
		};
/* End PBXContainerItemProxy section */

/* Begin PBXFileReference section */
		5753C3712A7AAF4C00CE0856 /* Push Up Plus.app */ = {isa = PBXFileReference; explicitFileType = wrapper.application; includeInIndex = 0; path = "Push Up Plus.app"; sourceTree = BUILT_PRODUCTS_DIR; };
		5753C3742A7AAF4C00CE0856 /* Push_Up_PlusApp.swift */ = {isa = PBXFileReference; lastKnownFileType = sourcecode.swift; path = Push_Up_PlusApp.swift; sourceTree = "<group>"; };
		5753C3762A7AAF4C00CE0856 /* ContentView.swift */ = {isa = PBXFileReference; lastKnownFileType = sourcecode.swift; path = ContentView.swift; sourceTree = "<group>"; };
		5753C3782A7AAF4D00CE0856 /* Assets.xcassets */ = {isa = PBXFileReference; lastKnownFileType = folder.assetcatalog; path = Assets.xcassets; sourceTree = "<group>"; };
		5753C37B2A7AAF4D00CE0856 /* Preview Assets.xcassets */ = {isa = PBXFileReference; lastKnownFileType = folder.assetcatalog; path = "Preview Assets.xcassets"; sourceTree = "<group>"; };
		5753C3812A7AAF4D00CE0856 /* Push Up PlusTests.xctest */ = {isa = PBXFileReference; explicitFileType = wrapper.cfbundle; includeInIndex = 0; path = "Push Up PlusTests.xctest"; sourceTree = BUILT_PRODUCTS_DIR; };
		5753C3852A7AAF4D00CE0856 /* Push_Up_PlusTests.swift */ = {isa = PBXFileReference; lastKnownFileType = sourcecode.swift; path = Push_Up_PlusTests.swift; sourceTree = "<group>"; };
		5753C38B2A7AAF4D00CE0856 /* Push Up PlusUITests.xctest */ = {isa = PBXFileReference; explicitFileType = wrapper.cfbundle; includeInIndex = 0; path = "Push Up PlusUITests.xctest"; sourceTree = BUILT_PRODUCTS_DIR; };
		5753C38F2A7AAF4D00CE0856 /* Push_Up_PlusUITests.swift */ = {isa = PBXFileReference; lastKnownFileType = sourcecode.swift; path = Push_Up_PlusUITests.swift; sourceTree = "<group>"; };
		5753C3912A7AAF4D00CE0856 /* Push_Up_PlusUITestsLaunchTests.swift */ = {isa = PBXFileReference; lastKnownFileType = sourcecode.swift; path = Push_Up_PlusUITestsLaunchTests.swift; sourceTree = "<group>"; };
/* End PBXFileReference section */

/* Begin PBXFrameworksBuildPhase section */
		5753C36E2A7AAF4C00CE0856 /* Frameworks */ = {
			isa = PBXFrameworksBuildPhase;
			buildActionMask = 2147483647;
			files = (
			);
			runOnlyForDeploymentPostprocessing = 0;
		};
		5753C37E2A7AAF4D00CE0856 /* Frameworks */ = {
			isa = PBXFrameworksBuildPhase;
			buildActionMask = 2147483647;
			files = (
			);
			runOnlyForDeploymentPostprocessing = 0;
		};
		5753C3882A7AAF4D00CE0856 /* Frameworks */ = {
			isa = PBXFrameworksBuildPhase;
			buildActionMask = 2147483647;
			files = (
			);
			runOnlyForDeploymentPostprocessing = 0;
		};
/* End PBXFrameworksBuildPhase section */

/* Begin PBXGroup section */
		5753C3682A7AAF4C00CE0856 = {
			isa = PBXGroup;
			children = (
				5753C3732A7AAF4C00CE0856 /* Push Up Plus */,
				5753C3842A7AAF4D00CE0856 /* Push Up PlusTests */,
				5753C38E2A7AAF4D00CE0856 /* Push Up PlusUITests */,
				5753C3722A7AAF4C00CE0856 /* Products */,
			);
			sourceTree = "<group>";
		};
		5753C3722A7AAF4C00CE0856 /* Products */ = {
			isa = PBXGroup;
			children = (
				5753C3712A7AAF4C00CE0856 /* Push Up Plus.app */,
				5753C3812A7AAF4D00CE0856 /* Push Up PlusTests.xctest */,
				5753C38B2A7AAF4D00CE0856 /* Push Up PlusUITests.xctest */,
			);
			name = Products;
			sourceTree = "<group>";
		};
		5753C3732A7AAF4C00CE0856 /* Push Up Plus */ = {
			isa = PBXGroup;
			children = (
				5753C3742A7AAF4C00CE0856 /* Push_Up_PlusApp.swift */,
				5753C3762A7AAF4C00CE0856 /* ContentView.swift */,
				5753C3782A7AAF4D00CE0856 /* Assets.xcassets */,
				5753C37A2A7AAF4D00CE0856 /* Preview Content */,
			);
			path = "Push Up Plus";
			sourceTree = "<group>";
		};
		5753C37A2A7AAF4D00CE0856 /* Preview Content */ = {
			isa = PBXGroup;
			children = (
				5753C37B2A7AAF4D00CE0856 /* Preview Assets.xcassets */,
			);
			path = "Preview Content";
			sourceTree = "<group>";
		};
		5753C3842A7AAF4D00CE0856 /* Push Up PlusTests */ = {
			isa = PBXGroup;
			children = (
				5753C3852A7AAF4D00CE0856 /* Push_Up_PlusTests.swift */,
			);
			path = "Push Up PlusTests";
			sourceTree = "<group>";
		};
		5753C38E2A7AAF4D00CE0856 /* Push Up PlusUITests */ = {
			isa = PBXGroup;
			children = (
				5753C38F2A7AAF4D00CE0856 /* Push_Up_PlusUITests.swift */,
				5753C3912A7AAF4D00CE0856 /* Push_Up_PlusUITestsLaunchTests.swift */,
			);
			path = "Push Up PlusUITests";
			sourceTree = "<group>";
		};
/* End PBXGroup section */

/* Begin PBXNativeTarget section */
		5753C3702A7AAF4C00CE0856 /* Push Up Plus */ = {
			isa = PBXNativeTarget;
			buildConfigurationList = 5753C3952A7AAF4D00CE0856 /* Build configuration list for PBXNativeTarget "Push Up Plus" */;
			buildPhases = (
				5753C36D2A7AAF4C00CE0856 /* Sources */,
				5753C36E2A7AAF4C00CE0856 /* Frameworks */,
				5753C36F2A7AAF4C00CE0856 /* Resources */,
			);
			buildRules = (
			);
			dependencies = (
			);
			name = "Push Up Plus";
			productName = "Push Up Plus";
			productReference = 5753C3712A7AAF4C00CE0856 /* Push Up Plus.app */;
			productType = "com.apple.product-type.application";
		};
		5753C3802A7AAF4D00CE0856 /* Push Up PlusTests */ = {
			isa = PBXNativeTarget;
			buildConfigurationList = 5753C3982A7AAF4D00CE0856 /* Build configuration list for PBXNativeTarget "Push Up PlusTests" */;
			buildPhases = (
				5753C37D2A7AAF4D00CE0856 /* Sources */,
				5753C37E2A7AAF4D00CE0856 /* Frameworks */,
				5753C37F2A7AAF4D00CE0856 /* Resources */,
			);
			buildRules = (
			);
			dependencies = (
				5753C3832A7AAF4D00CE0856 /* PBXTargetDependency */,
			);
			name = "Push Up PlusTests";
			productName = "Push Up PlusTests";
			productReference = 5753C3812A7AAF4D00CE0856 /* Push Up PlusTests.xctest */;
			productType = "com.apple.product-type.bundle.unit-test";
		};
		5753C38A2A7AAF4D00CE0856 /* Push Up PlusUITests */ = {
			isa = PBXNativeTarget;
			buildConfigurationList = 5753C39B2A7AAF4D00CE0856 /* Build configuration list for PBXNativeTarget "Push Up PlusUITests" */;
			buildPhases = (
				5753C3872A7AAF4D00CE0856 /* Sources */,
				5753C3882A7AAF4D00CE0856 /* Frameworks */,
				5753C3892A7AAF4D00CE0856 /* Resources */,
			);
			buildRules = (
			);
			dependencies = (
				5753C38D2A7AAF4D00CE0856 /* PBXTargetDependency */,
			);
			name = "Push Up PlusUITests";
			productName = "Push Up PlusUITests";
			productReference = 5753C38B2A7AAF4D00CE0856 /* Push Up PlusUITests.xctest */;
			productType = "com.apple.product-type.bundle.ui-testing";
		};
/* End PBXNativeTarget section */

/* Begin PBXProject section */
		5753C3692A7AAF4C00CE0856 /* Project object */ = {
			isa = PBXProject;
			attributes = {
				BuildIndependentTargetsInParallel = 1;
				LastSwiftUpdateCheck = 1430;
				LastUpgradeCheck = 1430;
				TargetAttributes = {
					5753C3702A7AAF4C00CE0856 = {
						CreatedOnToolsVersion = 14.3.1;
					};
					5753C3802A7AAF4D00CE0856 = {
						CreatedOnToolsVersion = 14.3.1;
						TestTargetID = 5753C3702A7AAF4C00CE0856;
					};
					5753C38A2A7AAF4D00CE0856 = {
						CreatedOnToolsVersion = 14.3.1;
						TestTargetID = 5753C3702A7AAF4C00CE0856;
					};
				};
			};
			buildConfigurationList = 5753C36C2A7AAF4C00CE0856 /* Build configuration list for PBXProject "Push Up Plus" */;
			compatibilityVersion = "Xcode 14.0";
			developmentRegion = en;
			hasScannedForEncodings = 0;
			knownRegions = (
				en,
				Base,
			);
			mainGroup = 5753C3682A7AAF4C00CE0856;
			productRefGroup = 5753C3722A7AAF4C00CE0856 /* Products */;
			projectDirPath = "";
			projectRoot = "";
			targets = (
				5753C3702A7AAF4C00CE0856 /* Push Up Plus */,
				5753C3802A7AAF4D00CE0856 /* Push Up PlusTests */,
				5753C38A2A7AAF4D00CE0856 /* Push Up PlusUITests */,
			);
		};
/* End PBXProject section */

/* Begin PBXResourcesBuildPhase section */
		5753C36F2A7AAF4C00CE0856 /* Resources */ = {
			isa = PBXResourcesBuildPhase;
			buildActionMask = 2147483647;
			files = (
				5753C37C2A7AAF4D00CE0856 /* Preview Assets.xcassets in Resources */,
				5753C3792A7AAF4D00CE0856 /* Assets.xcassets in Resources */,
			);
			runOnlyForDeploymentPostprocessing = 0;
		};
		5753C37F2A7AAF4D00CE0856 /* Resources */ = {
			isa = PBXResourcesBuildPhase;
			buildActionMask = 2147483647;
			files = (
			);
			runOnlyForDeploymentPostprocessing = 0;
		};
		5753C3892A7AAF4D00CE0856 /* Resources */ = {
			isa = PBXResourcesBuildPhase;
			buildActionMask = 2147483647;
			files = (
			);
			runOnlyForDeploymentPostprocessing = 0;
		};
/* End PBXResourcesBuildPhase section */

/* Begin PBXSourcesBuildPhase section */
		5753C36D2A7AAF4C00CE0856 /* Sources */ = {
			isa = PBXSourcesBuildPhase;
			buildActionMask = 2147483647;
			files = (
				5753C3772A7AAF4C00CE0856 /* ContentView.swift in Sources */,
				5753C3752A7AAF4C00CE0856 /* Push_Up_PlusApp.swift in Sources */,
			);
			runOnlyForDeploymentPostprocessing = 0;
		};
		5753C37D2A7AAF4D00CE0856 /* Sources */ = {
			isa = PBXSourcesBuildPhase;
			buildActionMask = 2147483647;
			files = (
				5753C3862A7AAF4D00CE0856 /* Push_Up_PlusTests.swift in Sources */,
			);
			runOnlyForDeploymentPostprocessing = 0;
		};
		5753C3872A7AAF4D00CE0856 /* Sources */ = {
			isa = PBXSourcesBuildPhase;
			buildActionMask = 2147483647;
			files = (
				5753C3902A7AAF4D00CE0856 /* Push_Up_PlusUITests.swift in Sources */,
				5753C3922A7AAF4D00CE0856 /* Push_Up_PlusUITestsLaunchTests.swift in Sources */,
			);
			runOnlyForDeploymentPostprocessing = 0;
		};
/* End PBXSourcesBuildPhase section */

/* Begin PBXTargetDependency section */
		5753C3832A7AAF4D00CE0856 /* PBXTargetDependency */ = {
			isa = PBXTargetDependency;
			target = 5753C3702A7AAF4C00CE0856 /* Push Up Plus */;
			targetProxy = 5753C3822A7AAF4D00CE0856 /* PBXContainerItemProxy */;
		};
		5753C38D2A7AAF4D00CE0856 /* PBXTargetDependency */ = {
			isa = PBXTargetDependency;
			target = 5753C3702A7AAF4C00CE0856 /* Push Up Plus */;
			targetProxy = 5753C38C2A7AAF4D00CE0856 /* PBXContainerItemProxy */;
		};
/* End PBXTargetDependency section */

/* Begin XCBuildConfiguration section */
		5753C3932A7AAF4D00CE0856 /* Debug */ = {
			isa = XCBuildConfiguration;
			buildSettings = {
				ALWAYS_SEARCH_USER_PATHS = NO;
				CLANG_ANALYZER_NONNULL = YES;
				CLANG_ANALYZER_NUMBER_OBJECT_CONVERSION = YES_AGGRESSIVE;
				CLANG_CXX_LANGUAGE_STANDARD = "gnu++20";
				CLANG_ENABLE_MODULES = YES;
				CLANG_ENABLE_OBJC_ARC = YES;
				CLANG_ENABLE_OBJC_WEAK = YES;
				CLANG_WARN_BLOCK_CAPTURE_AUTORELEASING = YES;
				CLANG_WARN_BOOL_CONVERSION = YES;
				CLANG_WARN_COMMA = YES;
				CLANG_WARN_CONSTANT_CONVERSION = YES;
				CLANG_WARN_DEPRECATED_OBJC_IMPLEMENTATIONS = YES;
				CLANG_WARN_DIRECT_OBJC_ISA_USAGE = YES_ERROR;
				CLANG_WARN_DOCUMENTATION_COMMENTS = YES;
				CLANG_WARN_EMPTY_BODY = YES;
				CLANG_WARN_ENUM_CONVERSION = YES;
				CLANG_WARN_INFINITE_RECURSION = YES;
				CLANG_WARN_INT_CONVERSION = YES;
				CLANG_WARN_NON_LITERAL_NULL_CONVERSION = YES;
				CLANG_WARN_OBJC_IMPLICIT_RETAIN_SELF = YES;
				CLANG_WARN_OBJC_LITERAL_CONVERSION = YES;
				CLANG_WARN_OBJC_ROOT_CLASS = YES_ERROR;
				CLANG_WARN_QUOTED_INCLUDE_IN_FRAMEWORK_HEADER = YES;
				CLANG_WARN_RANGE_LOOP_ANALYSIS = YES;
				CLANG_WARN_STRICT_PROTOTYPES = YES;
				CLANG_WARN_SUSPICIOUS_MOVE = YES;
				CLANG_WARN_UNGUARDED_AVAILABILITY = YES_AGGRESSIVE;
				CLANG_WARN_UNREACHABLE_CODE = YES;
				CLANG_WARN__DUPLICATE_METHOD_MATCH = YES;
				COPY_PHASE_STRIP = NO;
				DEBUG_INFORMATION_FORMAT = dwarf;
				ENABLE_STRICT_OBJC_MSGSEND = YES;
				ENABLE_TESTABILITY = YES;
				GCC_C_LANGUAGE_STANDARD = gnu11;
				GCC_DYNAMIC_NO_PIC = NO;
				GCC_NO_COMMON_BLOCKS = YES;
				GCC_OPTIMIZATION_LEVEL = 0;
				GCC_PREPROCESSOR_DEFINITIONS = (
					"DEBUG=1",
					"$(inherited)",
				);
				GCC_WARN_64_TO_32_BIT_CONVERSION = YES;
				GCC_WARN_ABOUT_RETURN_TYPE = YES_ERROR;
				GCC_WARN_UNDECLARED_SELECTOR = YES;
				GCC_WARN_UNINITIALIZED_AUTOS = YES_AGGRESSIVE;
				GCC_WARN_UNUSED_FUNCTION = YES;
				GCC_WARN_UNUSED_VARIABLE = YES;
				IPHONEOS_DEPLOYMENT_TARGET = 16.4;
				MTL_ENABLE_DEBUG_INFO = INCLUDE_SOURCE;
				MTL_FAST_MATH = YES;
				ONLY_ACTIVE_ARCH = YES;
				SDKROOT = iphoneos;
				SWIFT_ACTIVE_COMPILATION_CONDITIONS = DEBUG;
				SWIFT_OPTIMIZATION_LEVEL = "-Onone";
			};
			name = Debug;
		};
		5753C3942A7AAF4D00CE0856 /* Release */ = {
			isa = XCBuildConfiguration;
			buildSettings = {
				ALWAYS_SEARCH_USER_PATHS = NO;
				CLANG_ANALYZER_NONNULL = YES;
				CLANG_ANALYZER_NUMBER_OBJECT_CONVERSION = YES_AGGRESSIVE;
				CLANG_CXX_LANGUAGE_STANDARD = "gnu++20";
				CLANG_ENABLE_MODULES = YES;
				CLANG_ENABLE_OBJC_ARC = YES;
				CLANG_ENABLE_OBJC_WEAK = YES;
				CLANG_WARN_BLOCK_CAPTURE_AUTORELEASING = YES;
				CLANG_WARN_BOOL_CONVERSION = YES;
				CLANG_WARN_COMMA = YES;
				CLANG_WARN_CONSTANT_CONVERSION = YES;
				CLANG_WARN_DEPRECATED_OBJC_IMPLEMENTATIONS = YES;
				CLANG_WARN_DIRECT_OBJC_ISA_USAGE = YES_ERROR;
				CLANG_WARN_DOCUMENTATION_COMMENTS = YES;
				CLANG_WARN_EMPTY_BODY = YES;
				CLANG_WARN_ENUM_CONVERSION = YES;
				CLANG_WARN_INFINITE_RECURSION = YES;
				CLANG_WARN_INT_CONVERSION = YES;
				CLANG_WARN_NON_LITERAL_NULL_CONVERSION = YES;
				CLANG_WARN_OBJC_IMPLICIT_RETAIN_SELF = YES;
				CLANG_WARN_OBJC_LITERAL_CONVERSION = YES;
				CLANG_WARN_OBJC_ROOT_CLASS = YES_ERROR;
				CLANG_WARN_QUOTED_INCLUDE_IN_FRAMEWORK_HEADER = YES;
				CLANG_WARN_RANGE_LOOP_ANALYSIS = YES;
				CLANG_WARN_STRICT_PROTOTYPES = YES;
				CLANG_WARN_SUSPICIOUS_MOVE = YES;
				CLANG_WARN_UNGUARDED_AVAILABILITY = YES_AGGRESSIVE;
				CLANG_WARN_UNREACHABLE_CODE = YES;
				CLANG_WARN__DUPLICATE_METHOD_MATCH = YES;
				COPY_PHASE_STRIP = NO;
				DEBUG_INFORMATION_FORMAT = "dwarf-with-dsym";
				ENABLE_NS_ASSERTIONS = NO;
				ENABLE_STRICT_OBJC_MSGSEND = YES;
				GCC_C_LANGUAGE_STANDARD = gnu11;
				GCC_NO_COMMON_BLOCKS = YES;
				GCC_WARN_64_TO_32_BIT_CONVERSION = YES;
				GCC_WARN_ABOUT_RETURN_TYPE = YES_ERROR;
				GCC_WARN_UNDECLARED_SELECTOR = YES;
				GCC_WARN_UNINITIALIZED_AUTOS = YES_AGGRESSIVE;
				GCC_WARN_UNUSED_FUNCTION = YES;
				GCC_WARN_UNUSED_VARIABLE = YES;
				IPHONEOS_DEPLOYMENT_TARGET = 16.4;
				MTL_ENABLE_DEBUG_INFO = NO;
				MTL_FAST_MATH = YES;
				SDKROOT = iphoneos;
				SWIFT_COMPILATION_MODE = wholemodule;
				SWIFT_OPTIMIZATION_LEVEL = "-O";
				VALIDATE_PRODUCT = YES;
			};
			name = Release;
		};
		5753C3962A7AAF4D00CE0856 /* Debug */ = {
			isa = XCBuildConfiguration;
			buildSettings = {
				ASSETCATALOG_COMPILER_APPICON_NAME = AppIcon;
				ASSETCATALOG_COMPILER_GLOBAL_ACCENT_COLOR_NAME = AccentColor;
				CODE_SIGN_IDENTITY = "Apple Development";
				CODE_SIGN_STYLE = Automatic;
				CURRENT_PROJECT_VERSION = 1;
				DEVELOPMENT_ASSET_PATHS = "\"Push Up Plus/Preview Content\"";
				DEVELOPMENT_TEAM = 3BL2924924;
				ENABLE_PREVIEWS = YES;
				GENERATE_INFOPLIST_FILE = YES;
				INFOPLIST_KEY_NSCameraUsageDescription = "Push Up Plus";
				INFOPLIST_KEY_NSMicrophoneUsageDescription = "";
				INFOPLIST_KEY_UIApplicationSceneManifest_Generation = YES;
				INFOPLIST_KEY_UIApplicationSupportsIndirectInputEvents = YES;
				INFOPLIST_KEY_UILaunchScreen_Generation = YES;
				INFOPLIST_KEY_UISupportedInterfaceOrientations = UIInterfaceOrientationPortrait;
				LD_RUNPATH_SEARCH_PATHS = (
					"$(inherited)",
					"@executable_path/Frameworks",
				);
				MARKETING_VERSION = 1.0;
				PRODUCT_BUNDLE_IDENTIFIER = "tbanka.Push-Up-Plus";
				PRODUCT_NAME = "$(TARGET_NAME)";
				PROVISIONING_PROFILE_SPECIFIER = "";
				SWIFT_EMIT_LOC_STRINGS = YES;
				SWIFT_VERSION = 5.0;
				TARGETED_DEVICE_FAMILY = "1,2";
			};
			name = Debug;
		};
		5753C3972A7AAF4D00CE0856 /* Release */ = {
			isa = XCBuildConfiguration;
			buildSettings = {
				ASSETCATALOG_COMPILER_APPICON_NAME = AppIcon;
				ASSETCATALOG_COMPILER_GLOBAL_ACCENT_COLOR_NAME = AccentColor;
				CODE_SIGN_IDENTITY = "Apple Development";
				CODE_SIGN_STYLE = Automatic;
				CURRENT_PROJECT_VERSION = 1;
				DEVELOPMENT_ASSET_PATHS = "\"Push Up Plus/Preview Content\"";
				DEVELOPMENT_TEAM = 3BL2924924;
				ENABLE_PREVIEWS = YES;
				GENERATE_INFOPLIST_FILE = YES;
				INFOPLIST_KEY_NSCameraUsageDescription = "Push Up Plus";
				INFOPLIST_KEY_NSMicrophoneUsageDescription = "";
				INFOPLIST_KEY_UIApplicationSceneManifest_Generation = YES;
				INFOPLIST_KEY_UIApplicationSupportsIndirectInputEvents = YES;
				INFOPLIST_KEY_UILaunchScreen_Generation = YES;
				INFOPLIST_KEY_UISupportedInterfaceOrientations = UIInterfaceOrientationPortrait;
				LD_RUNPATH_SEARCH_PATHS = (
					"$(inherited)",
					"@executable_path/Frameworks",
				);
				MARKETING_VERSION = 1.0;
				PRODUCT_BUNDLE_IDENTIFIER = "tbanka.Push-Up-Plus";
				PRODUCT_NAME = "$(TARGET_NAME)";
				PROVISIONING_PROFILE_SPECIFIER = "";
				SWIFT_EMIT_LOC_STRINGS = YES;
				SWIFT_VERSION = 5.0;
				TARGETED_DEVICE_FAMILY = "1,2";
			};
			name = Release;
		};
		5753C3992A7AAF4D00CE0856 /* Debug */ = {
			isa = XCBuildConfiguration;
			buildSettings = {
				ALWAYS_EMBED_SWIFT_STANDARD_LIBRARIES = YES;
				BUNDLE_LOADER = "$(TEST_HOST)";
				CODE_SIGN_STYLE = Automatic;
				CURRENT_PROJECT_VERSION = 1;
				GENERATE_INFOPLIST_FILE = YES;
				IPHONEOS_DEPLOYMENT_TARGET = 16.4;
				MARKETING_VERSION = 1.0;
				PRODUCT_BUNDLE_IDENTIFIER = "tbanka.Push-Up-PlusTests";
				PRODUCT_NAME = "$(TARGET_NAME)";
				SWIFT_EMIT_LOC_STRINGS = NO;
				SWIFT_VERSION = 5.0;
				TARGETED_DEVICE_FAMILY = "1,2";
				TEST_HOST = "$(BUILT_PRODUCTS_DIR)/Push Up Plus.app/$(BUNDLE_EXECUTABLE_FOLDER_PATH)/Push Up Plus";
			};
			name = Debug;
		};
		5753C39A2A7AAF4D00CE0856 /* Release */ = {
			isa = XCBuildConfiguration;
			buildSettings = {
				ALWAYS_EMBED_SWIFT_STANDARD_LIBRARIES = YES;
				BUNDLE_LOADER = "$(TEST_HOST)";
				CODE_SIGN_STYLE = Automatic;
				CURRENT_PROJECT_VERSION = 1;
				GENERATE_INFOPLIST_FILE = YES;
				IPHONEOS_DEPLOYMENT_TARGET = 16.4;
				MARKETING_VERSION = 1.0;
				PRODUCT_BUNDLE_IDENTIFIER = "tbanka.Push-Up-PlusTests";
				PRODUCT_NAME = "$(TARGET_NAME)";
				SWIFT_EMIT_LOC_STRINGS = NO;
				SWIFT_VERSION = 5.0;
				TARGETED_DEVICE_FAMILY = "1,2";
				TEST_HOST = "$(BUILT_PRODUCTS_DIR)/Push Up Plus.app/$(BUNDLE_EXECUTABLE_FOLDER_PATH)/Push Up Plus";
			};
			name = Release;
		};
		5753C39C2A7AAF4D00CE0856 /* Debug */ = {
			isa = XCBuildConfiguration;
			buildSettings = {
				ALWAYS_EMBED_SWIFT_STANDARD_LIBRARIES = YES;
				CODE_SIGN_STYLE = Automatic;
				CURRENT_PROJECT_VERSION = 1;
				GENERATE_INFOPLIST_FILE = YES;
				MARKETING_VERSION = 1.0;
				PRODUCT_BUNDLE_IDENTIFIER = "tbanka.Push-Up-PlusUITests";
				PRODUCT_NAME = "$(TARGET_NAME)";
				SWIFT_EMIT_LOC_STRINGS = NO;
				SWIFT_VERSION = 5.0;
				TARGETED_DEVICE_FAMILY = "1,2";
				TEST_TARGET_NAME = "Push Up Plus";
			};
			name = Debug;
		};
		5753C39D2A7AAF4D00CE0856 /* Release */ = {
			isa = XCBuildConfiguration;
			buildSettings = {
				ALWAYS_EMBED_SWIFT_STANDARD_LIBRARIES = YES;
				CODE_SIGN_STYLE = Automatic;
				CURRENT_PROJECT_VERSION = 1;
				GENERATE_INFOPLIST_FILE = YES;
				MARKETING_VERSION = 1.0;
				PRODUCT_BUNDLE_IDENTIFIER = "tbanka.Push-Up-PlusUITests";
				PRODUCT_NAME = "$(TARGET_NAME)";
				SWIFT_EMIT_LOC_STRINGS = NO;
				SWIFT_VERSION = 5.0;
				TARGETED_DEVICE_FAMILY = "1,2";
				TEST_TARGET_NAME = "Push Up Plus";
			};
			name = Release;
		};
/* End XCBuildConfiguration section */

/* Begin XCConfigurationList section */
		5753C36C2A7AAF4C00CE0856 /* Build configuration list for PBXProject "Push Up Plus" */ = {
			isa = XCConfigurationList;
			buildConfigurations = (
				5753C3932A7AAF4D00CE0856 /* Debug */,
				5753C3942A7AAF4D00CE0856 /* Release */,
			);
			defaultConfigurationIsVisible = 0;
			defaultConfigurationName = Release;
		};
		5753C3952A7AAF4D00CE0856 /* Build configuration list for PBXNativeTarget "Push Up Plus" */ = {
			isa = XCConfigurationList;
			buildConfigurations = (
				5753C3962A7AAF4D00CE0856 /* Debug */,
				5753C3972A7AAF4D00CE0856 /* Release */,
			);
			defaultConfigurationIsVisible = 0;
			defaultConfigurationName = Release;
		};
		5753C3982A7AAF4D00CE0856 /* Build configuration list for PBXNativeTarget "Push Up PlusTests" */ = {
			isa = XCConfigurationList;
			buildConfigurations = (
				5753C3992A7AAF4D00CE0856 /* Debug */,
				5753C39A2A7AAF4D00CE0856 /* Release */,
			);
			defaultConfigurationIsVisible = 0;
			defaultConfigurationName = Release;
		};
		5753C39B2A7AAF4D00CE0856 /* Build configuration list for PBXNativeTarget "Push Up PlusUITests" */ = {
			isa = XCConfigurationList;
			buildConfigurations = (
				5753C39C2A7AAF4D00CE0856 /* Debug */,
				5753C39D2A7AAF4D00CE0856 /* Release */,
			);
			defaultConfigurationIsVisible = 0;
			defaultConfigurationName = Release;
		};
/* End XCConfigurationList section */
	};
	rootObject = 5753C3692A7AAF4C00CE0856 /* Project object */;
}
